
Microsoft Visual Studio Solution File, Format Version 12.00
# Visual Studio Version 17
VisualStudioVersion = 17.0.32002.185
MinimumVisualStudioVersion = 10.0.40219.1
Project("{9A19103F-16F7-4668-BE54-9A1E7A4F7556}") = "PersonApi", "PersonApi\PersonApi.csproj", "{4E0EFD3E-ECB7-4973-BC86-3BFC0A79F3BE}"
EndProject
Project("{FAE04EC0-301F-11D3-BF4B-00C04F79EFBC}") = "EmailService", "EmailService\EmailService.csproj", "{234502E0-F074-4463-9CA4-BE76A2B6278F}"
EndProject
Global
	GlobalSection(SolutionConfigurationPlatforms) = preSolution
		Debug|Any CPU = Debug|Any CPU
		Release|Any CPU = Release|Any CPU
	EndGlobalSection
	GlobalSection(ProjectConfigurationPlatforms) = postSolution
		{4E0EFD3E-ECB7-4973-BC86-3BFC0A79F3BE}.Debug|Any CPU.ActiveCfg = Debug|Any CPU
		{4E0EFD3E-ECB7-4973-BC86-3BFC0A79F3BE}.Debug|Any CPU.Build.0 = Debug|Any CPU
		{4E0EFD3E-ECB7-4973-BC86-3BFC0A79F3BE}.Release|Any CPU.ActiveCfg = Release|Any CPU
		{4E0EFD3E-ECB7-4973-BC86-3BFC0A79F3BE}.Release|Any CPU.Build.0 = Release|Any CPU
		{234502E0-F074-4463-9CA4-BE76A2B6278F}.Debug|Any CPU.ActiveCfg = Debug|Any CPU
		{234502E0-F074-4463-9CA4-BE76A2B6278F}.Debug|Any CPU.Build.0 = Debug|Any CPU
		{234502E0-F074-4463-9CA4-BE76A2B6278F}.Release|Any CPU.ActiveCfg = Release|Any CPU
		{234502E0-F074-4463-9CA4-BE76A2B6278F}.Release|Any CPU.Build.0 = Release|Any CPU
	EndGlobalSection
	GlobalSection(SolutionProperties) = preSolution
		HideSolutionNode = FALSE
	EndGlobalSection
	GlobalSection(ExtensibilityGlobals) = postSolution
		SolutionGuid = {CF32F194-46F8-41DB-B6CB-F05B9565BC72}
	EndGlobalSection
EndGlobal
